
Microsoft Visual Studio Solution File, Format Version 12.00
# Visual Studio 2017
Project("{FAE04EC0-301F-11D3-BF4B-00C04F79EFBC}") = "Smup-game", "Smup-game.csproj", "{C9F2BE02-6F72-B4EF-59E8-B467DC8D451D}"
EndProject
Project("{FAE04EC0-301F-11D3-BF4B-00C04F79EFBC}") = "Smup-game.Editor", "Smup-game.Editor.csproj", "{DE3CCD78-5056-F4B2-56FB-E527BA58E393}"
EndProject
Global
	GlobalSection(SolutionConfigurationPlatforms) = preSolution
		Debug|Any CPU = Debug|Any CPU
		Release|Any CPU = Release|Any CPU
	EndGlobalSection
	GlobalSection(ProjectConfigurationPlatforms) = postSolution
		{C9F2BE02-6F72-B4EF-59E8-B467DC8D451D}.Debug|Any CPU.ActiveCfg = Debug|Any CPU
		{C9F2BE02-6F72-B4EF-59E8-B467DC8D451D}.Debug|Any CPU.Build.0 = Debug|Any CPU
		{C9F2BE02-6F72-B4EF-59E8-B467DC8D451D}.Release|Any CPU.ActiveCfg = Release|Any CPU
		{C9F2BE02-6F72-B4EF-59E8-B467DC8D451D}.Release|Any CPU.Build.0 = Release|Any CPU
		{DE3CCD78-5056-F4B2-56FB-E527BA58E393}.Debug|Any CPU.ActiveCfg = Debug|Any CPU
		{DE3CCD78-5056-F4B2-56FB-E527BA58E393}.Debug|Any CPU.Build.0 = Debug|Any CPU
		{DE3CCD78-5056-F4B2-56FB-E527BA58E393}.Release|Any CPU.ActiveCfg = Release|Any CPU
		{DE3CCD78-5056-F4B2-56FB-E527BA58E393}.Release|Any CPU.Build.0 = Release|Any CPU
	EndGlobalSection
	GlobalSection(SolutionProperties) = preSolution
		HideSolutionNode = FALSE
	EndGlobalSection
EndGlobal
