
Microsoft Visual Studio Solution File, Format Version 12.00
# Visual Studio 15
Project("{FAE04EC0-301F-11D3-BF4B-00C04F79EFBC}") = "Assembly-CSharp", "Assembly-CSharp.csproj", "{DBE0182A-DBF3-9C55-37B3-1242D2273033}"
EndProject
Project("{FAE04EC0-301F-11D3-BF4B-00C04F79EFBC}") = "VuforiaScripts", "VuforiaScripts.csproj", "{7031A66E-FC6F-B05E-24FD-604FA5526C8F}"
EndProject
Project("{FAE04EC0-301F-11D3-BF4B-00C04F79EFBC}") = "Assembly-CSharp-Editor", "Assembly-CSharp-Editor.csproj", "{165E7A7A-AB5C-F3CF-3B45-FE94EC3AB510}"
EndProject
Project("{FAE04EC0-301F-11D3-BF4B-00C04F79EFBC}") = "VuforiaEditorScripts", "VuforiaEditorScripts.csproj", "{92662685-DBBC-06F7-A3DD-27AE67D18DC8}"
EndProject
Global
	GlobalSection(SolutionConfigurationPlatforms) = preSolution
		Debug|Any CPU = Debug|Any CPU
		Release|Any CPU = Release|Any CPU
	EndGlobalSection
	GlobalSection(ProjectConfigurationPlatforms) = postSolution
		{DBE0182A-DBF3-9C55-37B3-1242D2273033}.Debug|Any CPU.ActiveCfg = Debug|Any CPU
		{DBE0182A-DBF3-9C55-37B3-1242D2273033}.Debug|Any CPU.Build.0 = Debug|Any CPU
		{DBE0182A-DBF3-9C55-37B3-1242D2273033}.Release|Any CPU.ActiveCfg = Release|Any CPU
		{DBE0182A-DBF3-9C55-37B3-1242D2273033}.Release|Any CPU.Build.0 = Release|Any CPU
		{7031A66E-FC6F-B05E-24FD-604FA5526C8F}.Debug|Any CPU.ActiveCfg = Debug|Any CPU
		{7031A66E-FC6F-B05E-24FD-604FA5526C8F}.Debug|Any CPU.Build.0 = Debug|Any CPU
		{7031A66E-FC6F-B05E-24FD-604FA5526C8F}.Release|Any CPU.ActiveCfg = Release|Any CPU
		{7031A66E-FC6F-B05E-24FD-604FA5526C8F}.Release|Any CPU.Build.0 = Release|Any CPU
		{165E7A7A-AB5C-F3CF-3B45-FE94EC3AB510}.Debug|Any CPU.ActiveCfg = Debug|Any CPU
		{165E7A7A-AB5C-F3CF-3B45-FE94EC3AB510}.Debug|Any CPU.Build.0 = Debug|Any CPU
		{165E7A7A-AB5C-F3CF-3B45-FE94EC3AB510}.Release|Any CPU.ActiveCfg = Release|Any CPU
		{165E7A7A-AB5C-F3CF-3B45-FE94EC3AB510}.Release|Any CPU.Build.0 = Release|Any CPU
		{92662685-DBBC-06F7-A3DD-27AE67D18DC8}.Debug|Any CPU.ActiveCfg = Debug|Any CPU
		{92662685-DBBC-06F7-A3DD-27AE67D18DC8}.Debug|Any CPU.Build.0 = Debug|Any CPU
		{92662685-DBBC-06F7-A3DD-27AE67D18DC8}.Release|Any CPU.ActiveCfg = Release|Any CPU
		{92662685-DBBC-06F7-A3DD-27AE67D18DC8}.Release|Any CPU.Build.0 = Release|Any CPU
	EndGlobalSection
	GlobalSection(SolutionProperties) = preSolution
		HideSolutionNode = FALSE
	EndGlobalSection
EndGlobal
